// !$*UTF8*$!
{
	archiveVersion = 1;
	classes = {
	};
	objectVersion = 55;
	objects = {

/* Begin PBXBuildFile section */
		3224A56727B2996500861243 /* GoogleService-Info.plist in Resources */ = {isa = PBXBuildFile; fileRef = 3224A56627B2996500861243 /* GoogleService-Info.plist */; };
		3224A56A27B2AA7500861243 /* Analytics.swift in Sources */ = {isa = PBXBuildFile; fileRef = 3224A56927B2AA7500861243 /* Analytics.swift */; };
		323CEFF827A95B7F0081793A /* ScoreController.swift in Sources */ = {isa = PBXBuildFile; fileRef = 323CEFF727A95B7F0081793A /* ScoreController.swift */; };
		324CF4F227B32762001B38E3 /* Background.swift in Sources */ = {isa = PBXBuildFile; fileRef = 324CF4F127B32762001B38E3 /* Background.swift */; };
		324CF4F427B32AC1001B38E3 /* Line.swift in Sources */ = {isa = PBXBuildFile; fileRef = 324CF4F327B32AC1001B38E3 /* Line.swift */; };
		32505B0827B300C9002E92FB /* CustomScene.swift in Sources */ = {isa = PBXBuildFile; fileRef = 32505B0727B300C9002E92FB /* CustomScene.swift */; };
		32C8884627C3D7B50034E078 /* MagicParticles.sks in Resources */ = {isa = PBXBuildFile; fileRef = 32C8884527C3D7B50034E078 /* MagicParticles.sks */; };
		32FD9FEB27A88AA500ECF64A /* Pentagon.swift in Sources */ = {isa = PBXBuildFile; fileRef = 32FD9FE827A88AA500ECF64A /* Pentagon.swift */; };
		32FD9FEC27A88AA500ECF64A /* EnemyController.swift in Sources */ = {isa = PBXBuildFile; fileRef = 32FD9FE927A88AA500ECF64A /* EnemyController.swift */; };
		32FD9FED27A88AA500ECF64A /* Balancer.swift in Sources */ = {isa = PBXBuildFile; fileRef = 32FD9FEA27A88AA500ECF64A /* Balancer.swift */; };
		5E84F27D0FD784038CE586C7 /* Pods_CastIt.framework in Frameworks */ = {isa = PBXBuildFile; fileRef = F8FB7A9BAC2B70F7C7B81A19 /* Pods_CastIt.framework */; };
		B218212B27B3E93400938B61 /* GameKit.framework in Frameworks */ = {isa = PBXBuildFile; fileRef = B218212A27B3E93400938B61 /* GameKit.framework */; };
		B218213027B3F5B800938B61 /* GameOver.swift in Sources */ = {isa = PBXBuildFile; fileRef = B218212D27B3F5B800938B61 /* GameOver.swift */; };
		B218213127B3F5B800938B61 /* Intro.swift in Sources */ = {isa = PBXBuildFile; fileRef = B218212E27B3F5B800938B61 /* Intro.swift */; };
		B218213227B3F5B800938B61 /* MagicGems.swift in Sources */ = {isa = PBXBuildFile; fileRef = B218212F27B3F5B800938B61 /* MagicGems.swift */; };
		B218213427B3F5C900938B61 /* SpellManager.swift in Sources */ = {isa = PBXBuildFile; fileRef = B218213327B3F5C900938B61 /* SpellManager.swift */; };
		B218213627B40CDD00938B61 /* LeaderBoardManager.swift in Sources */ = {isa = PBXBuildFile; fileRef = B218213527B40CDD00938B61 /* LeaderBoardManager.swift */; };
		B218215127B991FD00938B61 /* ContinueScrollView.swift in Sources */ = {isa = PBXBuildFile; fileRef = B218215027B991FC00938B61 /* ContinueScrollView.swift */; };
		B23A6FD127AC109000CD9F26 /* SparkTouch.swift in Sources */ = {isa = PBXBuildFile; fileRef = B23A6FD027AC109000CD9F26 /* SparkTouch.swift */; };
		B23A700727B29D2500CD9F26 /* MenuSceneViewController.swift in Sources */ = {isa = PBXBuildFile; fileRef = B23A700627B29D2500CD9F26 /* MenuSceneViewController.swift */; };
		B23E593527BB156900A7D73E /* GameOverScrollView.swift in Sources */ = {isa = PBXBuildFile; fileRef = B23E593427BB156900A7D73E /* GameOverScrollView.swift */; };
		B27981C127A888B500E21C5B /* AppDelegate.swift in Sources */ = {isa = PBXBuildFile; fileRef = B27981C027A888B500E21C5B /* AppDelegate.swift */; };
		B27981C327A888B500E21C5B /* GameScene.sks in Resources */ = {isa = PBXBuildFile; fileRef = B27981C227A888B500E21C5B /* GameScene.sks */; };
		B27981C727A888B500E21C5B /* GameScene.swift in Sources */ = {isa = PBXBuildFile; fileRef = B27981C627A888B500E21C5B /* GameScene.swift */; };
		B27981C927A888B500E21C5B /* GameViewController.swift in Sources */ = {isa = PBXBuildFile; fileRef = B27981C827A888B500E21C5B /* GameViewController.swift */; };
		B27981CC27A888B500E21C5B /* Main.storyboard in Resources */ = {isa = PBXBuildFile; fileRef = B27981CA27A888B500E21C5B /* Main.storyboard */; };
		B27981CE27A888B800E21C5B /* Assets.xcassets in Resources */ = {isa = PBXBuildFile; fileRef = B27981CD27A888B800E21C5B /* Assets.xcassets */; };
		B27981D127A888B800E21C5B /* LaunchScreen.storyboard in Resources */ = {isa = PBXBuildFile; fileRef = B27981CF27A888B800E21C5B /* LaunchScreen.storyboard */; };
		B2AFDC2527C7B42200BFD2D5 /* tutorial video.mp4 in Resources */ = {isa = PBXBuildFile; fileRef = B2AFDC2427C7B42200BFD2D5 /* tutorial video.mp4 */; };
		B2B165C827C50895004E90D4 /* Wizard.swift in Sources */ = {isa = PBXBuildFile; fileRef = B2B165C727C50895004E90D4 /* Wizard.swift */; };
		B2B165CA27C512D2004E90D4 /* PressStart2P.ttf in Resources */ = {isa = PBXBuildFile; fileRef = B2B165C927C512D2004E90D4 /* PressStart2P.ttf */; };
		B2BFC77427BD3730003CF1FF /* MenuScrollView.swift in Sources */ = {isa = PBXBuildFile; fileRef = B2BFC77327BD3730003CF1FF /* MenuScrollView.swift */; };
		B2BFC79027BEB510003CF1FF /* PauseScroll.swift in Sources */ = {isa = PBXBuildFile; fileRef = B2BFC78F27BEB50F003CF1FF /* PauseScroll.swift */; };
		B2D0AC7527C67CFC00FBC5A3 /* AdSupport.framework in Frameworks */ = {isa = PBXBuildFile; fileRef = B2D0AC7427C67CFB00FBC5A3 /* AdSupport.framework */; };
		B2D0AC7727C67D0700FBC5A3 /* AppTrackingTransparency.framework in Frameworks */ = {isa = PBXBuildFile; fileRef = B2D0AC7627C67D0700FBC5A3 /* AppTrackingTransparency.framework */; };
		B2F830AC27C2C08A00826E79 /* AudioManager.swift in Sources */ = {isa = PBXBuildFile; fileRef = B2F830AB27C2C08A00826E79 /* AudioManager.swift */; };
		B2F830BE27C3B37C00826E79 /* dying.mp3 in Resources */ = {isa = PBXBuildFile; fileRef = B2F830BB27C3B37C00826E79 /* dying.mp3 */; };
		B2F830BF27C3B37C00826E79 /* impact.mp3 in Resources */ = {isa = PBXBuildFile; fileRef = B2F830BC27C3B37C00826E79 /* impact.mp3 */; };
		B2F830C027C3B37C00826E79 /* projetile.mp3 in Resources */ = {isa = PBXBuildFile; fileRef = B2F830BD27C3B37C00826E79 /* projetile.mp3 */; };
		B2F830C427C3C51F00826E79 /* cast it - tema.mp3 in Resources */ = {isa = PBXBuildFile; fileRef = B2F830C327C3C51F00826E79 /* cast it - tema.mp3 */; };
		B2F830CA27C3DF3C00826E79 /* cast it - game over.mp3 in Resources */ = {isa = PBXBuildFile; fileRef = B2F830C727C3DF3B00826E79 /* cast it - game over.mp3 */; };
		B2F830CB27C3DF3C00826E79 /* cast it - intro.mp3 in Resources */ = {isa = PBXBuildFile; fileRef = B2F830C827C3DF3B00826E79 /* cast it - intro.mp3 */; };
		B2F830CC27C3DF3C00826E79 /* cast it - playing.mp3 in Resources */ = {isa = PBXBuildFile; fileRef = B2F830C927C3DF3B00826E79 /* cast it - playing.mp3 */; };
		B2F8DF1927A8B2280014E52C /* sparkTouch.sks in Resources */ = {isa = PBXBuildFile; fileRef = B2F8DF1827A8B2280014E52C /* sparkTouch.sks */; };
/* End PBXBuildFile section */

/* Begin PBXFileReference section */
		3200BC4827B4609700BAEFD1 /* Info.plist */ = {isa = PBXFileReference; lastKnownFileType = text.plist; path = Info.plist; sourceTree = "<group>"; };
		3224A56627B2996500861243 /* GoogleService-Info.plist */ = {isa = PBXFileReference; fileEncoding = 4; lastKnownFileType = text.plist.xml; path = "GoogleService-Info.plist"; sourceTree = "<group>"; };
		3224A56927B2AA7500861243 /* Analytics.swift */ = {isa = PBXFileReference; lastKnownFileType = sourcecode.swift; path = Analytics.swift; sourceTree = "<group>"; };
		323CEFF727A95B7F0081793A /* ScoreController.swift */ = {isa = PBXFileReference; lastKnownFileType = sourcecode.swift; path = ScoreController.swift; sourceTree = "<group>"; };
		324CF4F127B32762001B38E3 /* Background.swift */ = {isa = PBXFileReference; fileEncoding = 4; lastKnownFileType = sourcecode.swift; path = Background.swift; sourceTree = "<group>"; };
		324CF4F327B32AC1001B38E3 /* Line.swift */ = {isa = PBXFileReference; lastKnownFileType = sourcecode.swift; path = Line.swift; sourceTree = "<group>"; };
		32505B0727B300C9002E92FB /* CustomScene.swift */ = {isa = PBXFileReference; lastKnownFileType = sourcecode.swift; path = CustomScene.swift; sourceTree = "<group>"; };
		32C8884527C3D7B50034E078 /* MagicParticles.sks */ = {isa = PBXFileReference; lastKnownFileType = file.sks; path = MagicParticles.sks; sourceTree = "<group>"; };
		32FD9FE827A88AA500ECF64A /* Pentagon.swift */ = {isa = PBXFileReference; fileEncoding = 4; lastKnownFileType = sourcecode.swift; path = Pentagon.swift; sourceTree = "<group>"; };
		32FD9FE927A88AA500ECF64A /* EnemyController.swift */ = {isa = PBXFileReference; fileEncoding = 4; lastKnownFileType = sourcecode.swift; path = EnemyController.swift; sourceTree = "<group>"; };
		32FD9FEA27A88AA500ECF64A /* Balancer.swift */ = {isa = PBXFileReference; fileEncoding = 4; lastKnownFileType = sourcecode.swift; path = Balancer.swift; sourceTree = "<group>"; };
		86ED7E76FFA4DD19C6B4C755 /* Pods-CastIt.release.xcconfig */ = {isa = PBXFileReference; includeInIndex = 1; lastKnownFileType = text.xcconfig; name = "Pods-CastIt.release.xcconfig"; path = "Target Support Files/Pods-CastIt/Pods-CastIt.release.xcconfig"; sourceTree = "<group>"; };
		B218212A27B3E93400938B61 /* GameKit.framework */ = {isa = PBXFileReference; lastKnownFileType = wrapper.framework; name = GameKit.framework; path = System/Library/Frameworks/GameKit.framework; sourceTree = SDKROOT; };
		B218212D27B3F5B800938B61 /* GameOver.swift */ = {isa = PBXFileReference; fileEncoding = 4; lastKnownFileType = sourcecode.swift; path = GameOver.swift; sourceTree = "<group>"; };
		B218212E27B3F5B800938B61 /* Intro.swift */ = {isa = PBXFileReference; fileEncoding = 4; lastKnownFileType = sourcecode.swift; path = Intro.swift; sourceTree = "<group>"; };
		B218212F27B3F5B800938B61 /* MagicGems.swift */ = {isa = PBXFileReference; fileEncoding = 4; lastKnownFileType = sourcecode.swift; path = MagicGems.swift; sourceTree = "<group>"; };
		B218213327B3F5C900938B61 /* SpellManager.swift */ = {isa = PBXFileReference; fileEncoding = 4; lastKnownFileType = sourcecode.swift; path = SpellManager.swift; sourceTree = "<group>"; };
		B218213527B40CDD00938B61 /* LeaderBoardManager.swift */ = {isa = PBXFileReference; lastKnownFileType = sourcecode.swift; path = LeaderBoardManager.swift; sourceTree = "<group>"; };
		B218215027B991FC00938B61 /* ContinueScrollView.swift */ = {isa = PBXFileReference; lastKnownFileType = sourcecode.swift; path = ContinueScrollView.swift; sourceTree = "<group>"; };
		B23A6FD027AC109000CD9F26 /* SparkTouch.swift */ = {isa = PBXFileReference; lastKnownFileType = sourcecode.swift; path = SparkTouch.swift; sourceTree = "<group>"; };
		B23A700627B29D2500CD9F26 /* MenuSceneViewController.swift */ = {isa = PBXFileReference; lastKnownFileType = sourcecode.swift; path = MenuSceneViewController.swift; sourceTree = "<group>"; };
		B23A701E27B3521700CD9F26 /* CastIt.entitlements */ = {isa = PBXFileReference; lastKnownFileType = text.plist.entitlements; path = CastIt.entitlements; sourceTree = "<group>"; };
		B23E593427BB156900A7D73E /* GameOverScrollView.swift */ = {isa = PBXFileReference; lastKnownFileType = sourcecode.swift; path = GameOverScrollView.swift; sourceTree = "<group>"; };
		B27981BD27A888B500E21C5B /* CastIt.app */ = {isa = PBXFileReference; explicitFileType = wrapper.application; includeInIndex = 0; path = CastIt.app; sourceTree = BUILT_PRODUCTS_DIR; };
		B27981C027A888B500E21C5B /* AppDelegate.swift */ = {isa = PBXFileReference; lastKnownFileType = sourcecode.swift; path = AppDelegate.swift; sourceTree = "<group>"; };
		B27981C227A888B500E21C5B /* GameScene.sks */ = {isa = PBXFileReference; lastKnownFileType = file.sks; path = GameScene.sks; sourceTree = "<group>"; };
		B27981C627A888B500E21C5B /* GameScene.swift */ = {isa = PBXFileReference; lastKnownFileType = sourcecode.swift; path = GameScene.swift; sourceTree = "<group>"; };
		B27981C827A888B500E21C5B /* GameViewController.swift */ = {isa = PBXFileReference; lastKnownFileType = sourcecode.swift; path = GameViewController.swift; sourceTree = "<group>"; };
		B27981CB27A888B500E21C5B /* Base */ = {isa = PBXFileReference; lastKnownFileType = file.storyboard; name = Base; path = Base.lproj/Main.storyboard; sourceTree = "<group>"; };
		B27981CD27A888B800E21C5B /* Assets.xcassets */ = {isa = PBXFileReference; lastKnownFileType = folder.assetcatalog; path = Assets.xcassets; sourceTree = "<group>"; };
		B27981D027A888B800E21C5B /* Base */ = {isa = PBXFileReference; lastKnownFileType = file.storyboard; name = Base; path = Base.lproj/LaunchScreen.storyboard; sourceTree = "<group>"; };
		B2AFDC2427C7B42200BFD2D5 /* tutorial video.mp4 */ = {isa = PBXFileReference; lastKnownFileType = file; name = "tutorial video.mp4"; path = "../../../Downloads/tutorial video.mp4"; sourceTree = "<group>"; };
		B2B165C727C50895004E90D4 /* Wizard.swift */ = {isa = PBXFileReference; lastKnownFileType = sourcecode.swift; path = Wizard.swift; sourceTree = "<group>"; };
		B2B165C927C512D2004E90D4 /* PressStart2P.ttf */ = {isa = PBXFileReference; lastKnownFileType = file; name = PressStart2P.ttf; path = "../../../../Downloads/press_start_2p-3/PressStart2P.ttf"; sourceTree = "<group>"; };
		B2BFC77327BD3730003CF1FF /* MenuScrollView.swift */ = {isa = PBXFileReference; lastKnownFileType = sourcecode.swift; path = MenuScrollView.swift; sourceTree = "<group>"; };
		B2BFC78F27BEB50F003CF1FF /* PauseScroll.swift */ = {isa = PBXFileReference; lastKnownFileType = sourcecode.swift; path = PauseScroll.swift; sourceTree = "<group>"; };
		B2D0AC7427C67CFB00FBC5A3 /* AdSupport.framework */ = {isa = PBXFileReference; lastKnownFileType = wrapper.framework; name = AdSupport.framework; path = System/Library/Frameworks/AdSupport.framework; sourceTree = SDKROOT; };
		B2D0AC7627C67D0700FBC5A3 /* AppTrackingTransparency.framework */ = {isa = PBXFileReference; lastKnownFileType = wrapper.framework; name = AppTrackingTransparency.framework; path = System/Library/Frameworks/AppTrackingTransparency.framework; sourceTree = SDKROOT; };
		B2F830AB27C2C08A00826E79 /* AudioManager.swift */ = {isa = PBXFileReference; lastKnownFileType = sourcecode.swift; path = AudioManager.swift; sourceTree = "<group>"; };
		B2F830BB27C3B37C00826E79 /* dying.mp3 */ = {isa = PBXFileReference; lastKnownFileType = audio.mp3; path = dying.mp3; sourceTree = "<group>"; };
		B2F830BC27C3B37C00826E79 /* impact.mp3 */ = {isa = PBXFileReference; lastKnownFileType = audio.mp3; path = impact.mp3; sourceTree = "<group>"; };
		B2F830BD27C3B37C00826E79 /* projetile.mp3 */ = {isa = PBXFileReference; lastKnownFileType = audio.mp3; path = projetile.mp3; sourceTree = "<group>"; };
		B2F830C327C3C51F00826E79 /* cast it - tema.mp3 */ = {isa = PBXFileReference; lastKnownFileType = audio.mp3; path = "cast it - tema.mp3"; sourceTree = "<group>"; };
		B2F830C527C3D2B800826E79 /* PressStart2P.ttf */ = {isa = PBXFileReference; lastKnownFileType = file; name = PressStart2P.ttf; path = "/Downloads/press_start_2p-3/PressStart2P.ttf"; sourceTree = "<absolute>"; };
		B2F830C727C3DF3B00826E79 /* cast it - game over.mp3 */ = {isa = PBXFileReference; lastKnownFileType = audio.mp3; path = "cast it - game over.mp3"; sourceTree = "<group>"; };
		B2F830C827C3DF3B00826E79 /* cast it - intro.mp3 */ = {isa = PBXFileReference; lastKnownFileType = audio.mp3; path = "cast it - intro.mp3"; sourceTree = "<group>"; };
		B2F830C927C3DF3B00826E79 /* cast it - playing.mp3 */ = {isa = PBXFileReference; lastKnownFileType = audio.mp3; path = "cast it - playing.mp3"; sourceTree = "<group>"; };
		B2F8DF1827A8B2280014E52C /* sparkTouch.sks */ = {isa = PBXFileReference; lastKnownFileType = file.sks; path = sparkTouch.sks; sourceTree = "<group>"; };
		F5BD59CE718C20FEE9EF0078 /* Pods-CastIt.debug.xcconfig */ = {isa = PBXFileReference; includeInIndex = 1; lastKnownFileType = text.xcconfig; name = "Pods-CastIt.debug.xcconfig"; path = "Target Support Files/Pods-CastIt/Pods-CastIt.debug.xcconfig"; sourceTree = "<group>"; };
		F8FB7A9BAC2B70F7C7B81A19 /* Pods_CastIt.framework */ = {isa = PBXFileReference; explicitFileType = wrapper.framework; includeInIndex = 0; path = Pods_CastIt.framework; sourceTree = BUILT_PRODUCTS_DIR; };
/* End PBXFileReference section */

/* Begin PBXFrameworksBuildPhase section */
		B27981BA27A888B500E21C5B /* Frameworks */ = {
			isa = PBXFrameworksBuildPhase;
			buildActionMask = 2147483647;
			files = (
				5E84F27D0FD784038CE586C7 /* Pods_CastIt.framework in Frameworks */,
				B2D0AC7727C67D0700FBC5A3 /* AppTrackingTransparency.framework in Frameworks */,
				B218212B27B3E93400938B61 /* GameKit.framework in Frameworks */,
				B2D0AC7527C67CFC00FBC5A3 /* AdSupport.framework in Frameworks */,
			);
			runOnlyForDeploymentPostprocessing = 0;
		};
/* End PBXFrameworksBuildPhase section */

/* Begin PBXGroup section */
		32505B0527B2FDED002E92FB /* Controllers */ = {
			isa = PBXGroup;
			children = (
				B218213327B3F5C900938B61 /* SpellManager.swift */,
				32FD9FEA27A88AA500ECF64A /* Balancer.swift */,
				32FD9FE927A88AA500ECF64A /* EnemyController.swift */,
				323CEFF727A95B7F0081793A /* ScoreController.swift */,
				B23A6FD027AC109000CD9F26 /* SparkTouch.swift */,
				B2F830AB27C2C08A00826E79 /* AudioManager.swift */,
			);
			path = Controllers;
			sourceTree = "<group>";
		};
		32505B0627B2FE11002E92FB /* Drawing */ = {
			isa = PBXGroup;
			children = (
				B2B165C927C512D2004E90D4 /* PressStart2P.ttf */,
				32C8884527C3D7B50034E078 /* MagicParticles.sks */,
				B218212D27B3F5B800938B61 /* GameOver.swift */,
				B218212E27B3F5B800938B61 /* Intro.swift */,
				B218212F27B3F5B800938B61 /* MagicGems.swift */,
				324CF4F127B32762001B38E3 /* Background.swift */,
				32FD9FE827A88AA500ECF64A /* Pentagon.swift */,
				32505B0727B300C9002E92FB /* CustomScene.swift */,
				324CF4F327B32AC1001B38E3 /* Line.swift */,
				B2B165C727C50895004E90D4 /* Wizard.swift */,
			);
			path = Drawing;
			sourceTree = "<group>";
		};
		621B947E2DC0A93F7F16CA2C /* Frameworks */ = {
			isa = PBXGroup;
			children = (
				B2D0AC7627C67D0700FBC5A3 /* AppTrackingTransparency.framework */,
				B2D0AC7427C67CFB00FBC5A3 /* AdSupport.framework */,
				B218212A27B3E93400938B61 /* GameKit.framework */,
				F8FB7A9BAC2B70F7C7B81A19 /* Pods_CastIt.framework */,
			);
			name = Frameworks;
			sourceTree = "<group>";
		};
		B218214F27B991C900938B61 /* Components */ = {
			isa = PBXGroup;
			children = (
				B218215027B991FC00938B61 /* ContinueScrollView.swift */,
				B23E593427BB156900A7D73E /* GameOverScrollView.swift */,
				B2BFC77327BD3730003CF1FF /* MenuScrollView.swift */,
				B2BFC78F27BEB50F003CF1FF /* PauseScroll.swift */,
			);
			path = Components;
			sourceTree = "<group>";
		};
		B23A700427B29CFD00CD9F26 /* Scenes */ = {
			isa = PBXGroup;
			children = (
				B23A700527B29D0400CD9F26 /* MenuScene */,
			);
			path = Scenes;
			sourceTree = "<group>";
		};
		B23A700527B29D0400CD9F26 /* MenuScene */ = {
			isa = PBXGroup;
			children = (
				B23A700627B29D2500CD9F26 /* MenuSceneViewController.swift */,
			);
			path = MenuScene;
			sourceTree = "<group>";
		};
		B27981B427A888B500E21C5B = {
			isa = PBXGroup;
			children = (
				B27981BF27A888B500E21C5B /* CastIt */,
				B27981BE27A888B500E21C5B /* Products */,
				C9AFCC817CA7E0E9A122F2AA /* Pods */,
				621B947E2DC0A93F7F16CA2C /* Frameworks */,
				B2B165C127C5026C004E90D4 /* Recovered References */,
			);
			sourceTree = "<group>";
		};
		B27981BE27A888B500E21C5B /* Products */ = {
			isa = PBXGroup;
			children = (
				B27981BD27A888B500E21C5B /* CastIt.app */,
			);
			name = Products;
			sourceTree = "<group>";
		};
		B27981BF27A888B500E21C5B /* CastIt */ = {
			isa = PBXGroup;
			children = (
				B2F830AF27C2C7EE00826E79 /* Sounds */,
				B218214F27B991C900938B61 /* Components */,
				3200BC4827B4609700BAEFD1 /* Info.plist */,
				3224A56927B2AA7500861243 /* Analytics.swift */,
				B23A701E27B3521700CD9F26 /* CastIt.entitlements */,
				B23A700427B29CFD00CD9F26 /* Scenes */,
				B27981C027A888B500E21C5B /* AppDelegate.swift */,
				B27981C627A888B500E21C5B /* GameScene.swift */,
				B27981C827A888B500E21C5B /* GameViewController.swift */,
				32505B0627B2FE11002E92FB /* Drawing */,
				32505B0527B2FDED002E92FB /* Controllers */,
				B27981C227A888B500E21C5B /* GameScene.sks */,
				B2F8DF1827A8B2280014E52C /* sparkTouch.sks */,
				B27981CA27A888B500E21C5B /* Main.storyboard */,
				B27981CD27A888B800E21C5B /* Assets.xcassets */,
				B2AFDC2427C7B42200BFD2D5 /* tutorial video.mp4 */,
				B27981CF27A888B800E21C5B /* LaunchScreen.storyboard */,
				3224A56627B2996500861243 /* GoogleService-Info.plist */,
				B218213527B40CDD00938B61 /* LeaderBoardManager.swift */,
			);
			path = CastIt;
			sourceTree = "<group>";
		};
		B2B165C127C5026C004E90D4 /* Recovered References */ = {
			isa = PBXGroup;
			children = (
				B2F830C527C3D2B800826E79 /* PressStart2P.ttf */,
			);
			name = "Recovered References";
			sourceTree = "<group>";
		};
		B2F830AF27C2C7EE00826E79 /* Sounds */ = {
			isa = PBXGroup;
			children = (
				B2F830C227C3C4F600826E79 /* Soundtrack */,
				B2F830B027C2C7F500826E79 /* SoundFx */,
			);
			path = Sounds;
			sourceTree = "<group>";
		};
		B2F830B027C2C7F500826E79 /* SoundFx */ = {
			isa = PBXGroup;
			children = (
				B2F830BB27C3B37C00826E79 /* dying.mp3 */,
				B2F830BC27C3B37C00826E79 /* impact.mp3 */,
				B2F830BD27C3B37C00826E79 /* projetile.mp3 */,
			);
			path = SoundFx;
			sourceTree = "<group>";
		};
		B2F830C227C3C4F600826E79 /* Soundtrack */ = {
			isa = PBXGroup;
			children = (
				B2F830C327C3C51F00826E79 /* cast it - tema.mp3 */,
				B2F830C727C3DF3B00826E79 /* cast it - game over.mp3 */,
				B2F830C827C3DF3B00826E79 /* cast it - intro.mp3 */,
				B2F830C927C3DF3B00826E79 /* cast it - playing.mp3 */,
			);
			path = Soundtrack;
			sourceTree = "<group>";
		};
		C9AFCC817CA7E0E9A122F2AA /* Pods */ = {
			isa = PBXGroup;
			children = (
				F5BD59CE718C20FEE9EF0078 /* Pods-CastIt.debug.xcconfig */,
				86ED7E76FFA4DD19C6B4C755 /* Pods-CastIt.release.xcconfig */,
			);
			path = Pods;
			sourceTree = "<group>";
		};
/* End PBXGroup section */

/* Begin PBXNativeTarget section */
		B27981BC27A888B500E21C5B /* CastIt */ = {
			isa = PBXNativeTarget;
			buildConfigurationList = B27981D427A888B800E21C5B /* Build configuration list for PBXNativeTarget "CastIt" */;
			buildPhases = (
				7B4BB4D516D1A445885479CC /* [CP] Check Pods Manifest.lock */,
				B27981B927A888B500E21C5B /* Sources */,
				B27981BA27A888B500E21C5B /* Frameworks */,
				B27981BB27A888B500E21C5B /* Resources */,
				7D3EA9E468328CA812958AD6 /* [CP] Embed Pods Frameworks */,
				3224A56827B29CCE00861243 /* ShellScript */,
			);
			buildRules = (
			);
			dependencies = (
			);
			name = CastIt;
			productName = CastIt;
			productReference = B27981BD27A888B500E21C5B /* CastIt.app */;
			productType = "com.apple.product-type.application";
		};
/* End PBXNativeTarget section */

/* Begin PBXProject section */
		B27981B527A888B500E21C5B /* Project object */ = {
			isa = PBXProject;
			attributes = {
				BuildIndependentTargetsInParallel = 1;
				LastSwiftUpdateCheck = 1320;
				LastUpgradeCheck = 1320;
				TargetAttributes = {
					B27981BC27A888B500E21C5B = {
						CreatedOnToolsVersion = 13.2.1;
					};
				};
			};
			buildConfigurationList = B27981B827A888B500E21C5B /* Build configuration list for PBXProject "CastIt" */;
			compatibilityVersion = "Xcode 13.0";
			developmentRegion = en;
			hasScannedForEncodings = 0;
			knownRegions = (
				en,
				Base,
			);
			mainGroup = B27981B427A888B500E21C5B;
			productRefGroup = B27981BE27A888B500E21C5B /* Products */;
			projectDirPath = "";
			projectRoot = "";
			targets = (
				B27981BC27A888B500E21C5B /* CastIt */,
			);
		};
/* End PBXProject section */

/* Begin PBXResourcesBuildPhase section */
		B27981BB27A888B500E21C5B /* Resources */ = {
			isa = PBXResourcesBuildPhase;
			buildActionMask = 2147483647;
			files = (
				B2B165CA27C512D2004E90D4 /* PressStart2P.ttf in Resources */,
				B2F8DF1927A8B2280014E52C /* sparkTouch.sks in Resources */,
				B2F830CB27C3DF3C00826E79 /* cast it - intro.mp3 in Resources */,
				B2F830BF27C3B37C00826E79 /* impact.mp3 in Resources */,
				B2F830BE27C3B37C00826E79 /* dying.mp3 in Resources */,
				B2F830CA27C3DF3C00826E79 /* cast it - game over.mp3 in Resources */,
				B2F830CC27C3DF3C00826E79 /* cast it - playing.mp3 in Resources */,
				B27981CC27A888B500E21C5B /* Main.storyboard in Resources */,
				B2F830C427C3C51F00826E79 /* cast it - tema.mp3 in Resources */,
				B2F830C027C3B37C00826E79 /* projetile.mp3 in Resources */,
				B27981C327A888B500E21C5B /* GameScene.sks in Resources */,
				B27981CE27A888B800E21C5B /* Assets.xcassets in Resources */,
				B2AFDC2527C7B42200BFD2D5 /* tutorial video.mp4 in Resources */,
				B27981D127A888B800E21C5B /* LaunchScreen.storyboard in Resources */,
				3224A56727B2996500861243 /* GoogleService-Info.plist in Resources */,
				32C8884627C3D7B50034E078 /* MagicParticles.sks in Resources */,
			);
			runOnlyForDeploymentPostprocessing = 0;
		};
/* End PBXResourcesBuildPhase section */

/* Begin PBXShellScriptBuildPhase section */
		3224A56827B29CCE00861243 /* ShellScript */ = {
			isa = PBXShellScriptBuildPhase;
			buildActionMask = 2147483647;
			files = (
			);
			inputFileListPaths = (
			);
			inputPaths = (
				"${DWARF_DSYM_FOLDER_PATH}/${DWARF_DSYM_FILE_NAME}/Contents/Resources/DWARF/${TARGET_NAME}",
				"$(SRCROOT)/$(BUILT_PRODUCTS_DIR)/$(INFOPLIST_PATH)",
			);
			outputFileListPaths = (
			);
			outputPaths = (
			);
			runOnlyForDeploymentPostprocessing = 0;
			shellPath = /bin/sh;
			shellScript = "\"${PODS_ROOT}/FirebaseCrashlytics/run\"\n";
		};
		7B4BB4D516D1A445885479CC /* [CP] Check Pods Manifest.lock */ = {
			isa = PBXShellScriptBuildPhase;
			buildActionMask = 2147483647;
			files = (
			);
			inputFileListPaths = (
			);
			inputPaths = (
				"${PODS_PODFILE_DIR_PATH}/Podfile.lock",
				"${PODS_ROOT}/Manifest.lock",
			);
			name = "[CP] Check Pods Manifest.lock";
			outputFileListPaths = (
			);
			outputPaths = (
				"$(DERIVED_FILE_DIR)/Pods-CastIt-checkManifestLockResult.txt",
			);
			runOnlyForDeploymentPostprocessing = 0;
			shellPath = /bin/sh;
			shellScript = "diff \"${PODS_PODFILE_DIR_PATH}/Podfile.lock\" \"${PODS_ROOT}/Manifest.lock\" > /dev/null\nif [ $? != 0 ] ; then\n    # print error to STDERR\n    echo \"error: The sandbox is not in sync with the Podfile.lock. Run 'pod install' or update your CocoaPods installation.\" >&2\n    exit 1\nfi\n# This output is used by Xcode 'outputs' to avoid re-running this script phase.\necho \"SUCCESS\" > \"${SCRIPT_OUTPUT_FILE_0}\"\n";
			showEnvVarsInLog = 0;
		};
		7D3EA9E468328CA812958AD6 /* [CP] Embed Pods Frameworks */ = {
			isa = PBXShellScriptBuildPhase;
			buildActionMask = 2147483647;
			files = (
			);
			inputFileListPaths = (
				"${PODS_ROOT}/Target Support Files/Pods-CastIt/Pods-CastIt-frameworks-${CONFIGURATION}-input-files.xcfilelist",
			);
			name = "[CP] Embed Pods Frameworks";
			outputFileListPaths = (
				"${PODS_ROOT}/Target Support Files/Pods-CastIt/Pods-CastIt-frameworks-${CONFIGURATION}-output-files.xcfilelist",
			);
			runOnlyForDeploymentPostprocessing = 0;
			shellPath = /bin/sh;
			shellScript = "\"${PODS_ROOT}/Target Support Files/Pods-CastIt/Pods-CastIt-frameworks.sh\"\n";
			showEnvVarsInLog = 0;
		};
/* End PBXShellScriptBuildPhase section */

/* Begin PBXSourcesBuildPhase section */
		B27981B927A888B500E21C5B /* Sources */ = {
			isa = PBXSourcesBuildPhase;
			buildActionMask = 2147483647;
			files = (
				B23A700727B29D2500CD9F26 /* MenuSceneViewController.swift in Sources */,
				B218213627B40CDD00938B61 /* LeaderBoardManager.swift in Sources */,
				3224A56A27B2AA7500861243 /* Analytics.swift in Sources */,
				B2F830AC27C2C08A00826E79 /* AudioManager.swift in Sources */,
				B2BFC77427BD3730003CF1FF /* MenuScrollView.swift in Sources */,
				B27981C727A888B500E21C5B /* GameScene.swift in Sources */,
				323CEFF827A95B7F0081793A /* ScoreController.swift in Sources */,
				32FD9FED27A88AA500ECF64A /* Balancer.swift in Sources */,
				B2BFC79027BEB510003CF1FF /* PauseScroll.swift in Sources */,
				B218213127B3F5B800938B61 /* Intro.swift in Sources */,
				32FD9FEB27A88AA500ECF64A /* Pentagon.swift in Sources */,
				B218213427B3F5C900938B61 /* SpellManager.swift in Sources */,
				B218213227B3F5B800938B61 /* MagicGems.swift in Sources */,
				B23A6FD127AC109000CD9F26 /* SparkTouch.swift in Sources */,
				32FD9FEC27A88AA500ECF64A /* EnemyController.swift in Sources */,
				32505B0827B300C9002E92FB /* CustomScene.swift in Sources */,
				B2B165C827C50895004E90D4 /* Wizard.swift in Sources */,
				B218213027B3F5B800938B61 /* GameOver.swift in Sources */,
				B27981C927A888B500E21C5B /* GameViewController.swift in Sources */,
				324CF4F427B32AC1001B38E3 /* Line.swift in Sources */,
				B27981C127A888B500E21C5B /* AppDelegate.swift in Sources */,
				324CF4F227B32762001B38E3 /* Background.swift in Sources */,
				B218215127B991FD00938B61 /* ContinueScrollView.swift in Sources */,
				B23E593527BB156900A7D73E /* GameOverScrollView.swift in Sources */,
			);
			runOnlyForDeploymentPostprocessing = 0;
		};
/* End PBXSourcesBuildPhase section */

/* Begin PBXVariantGroup section */
		B27981CA27A888B500E21C5B /* Main.storyboard */ = {
			isa = PBXVariantGroup;
			children = (
				B27981CB27A888B500E21C5B /* Base */,
			);
			name = Main.storyboard;
			sourceTree = "<group>";
		};
		B27981CF27A888B800E21C5B /* LaunchScreen.storyboard */ = {
			isa = PBXVariantGroup;
			children = (
				B27981D027A888B800E21C5B /* Base */,
			);
			name = LaunchScreen.storyboard;
			sourceTree = "<group>";
		};
/* End PBXVariantGroup section */

/* Begin XCBuildConfiguration section */
		B27981D227A888B800E21C5B /* Debug */ = {
			isa = XCBuildConfiguration;
			buildSettings = {
				ALWAYS_SEARCH_USER_PATHS = NO;
				CLANG_ANALYZER_NONNULL = YES;
				CLANG_ANALYZER_NUMBER_OBJECT_CONVERSION = YES_AGGRESSIVE;
				CLANG_CXX_LANGUAGE_STANDARD = "gnu++17";
				CLANG_CXX_LIBRARY = "libc++";
				CLANG_ENABLE_MODULES = YES;
				CLANG_ENABLE_OBJC_ARC = YES;
				CLANG_ENABLE_OBJC_WEAK = YES;
				CLANG_WARN_BLOCK_CAPTURE_AUTORELEASING = YES;
				CLANG_WARN_BOOL_CONVERSION = YES;
				CLANG_WARN_COMMA = YES;
				CLANG_WARN_CONSTANT_CONVERSION = YES;
				CLANG_WARN_DEPRECATED_OBJC_IMPLEMENTATIONS = YES;
				CLANG_WARN_DIRECT_OBJC_ISA_USAGE = YES_ERROR;
				CLANG_WARN_DOCUMENTATION_COMMENTS = YES;
				CLANG_WARN_EMPTY_BODY = YES;
				CLANG_WARN_ENUM_CONVERSION = YES;
				CLANG_WARN_INFINITE_RECURSION = YES;
				CLANG_WARN_INT_CONVERSION = YES;
				CLANG_WARN_NON_LITERAL_NULL_CONVERSION = YES;
				CLANG_WARN_OBJC_IMPLICIT_RETAIN_SELF = YES;
				CLANG_WARN_OBJC_LITERAL_CONVERSION = YES;
				CLANG_WARN_OBJC_ROOT_CLASS = YES_ERROR;
				CLANG_WARN_QUOTED_INCLUDE_IN_FRAMEWORK_HEADER = YES;
				CLANG_WARN_RANGE_LOOP_ANALYSIS = YES;
				CLANG_WARN_STRICT_PROTOTYPES = YES;
				CLANG_WARN_SUSPICIOUS_MOVE = YES;
				CLANG_WARN_UNGUARDED_AVAILABILITY = YES_AGGRESSIVE;
				CLANG_WARN_UNREACHABLE_CODE = YES;
				CLANG_WARN__DUPLICATE_METHOD_MATCH = YES;
				COPY_PHASE_STRIP = NO;
				DEBUG_INFORMATION_FORMAT = dwarf;
				ENABLE_STRICT_OBJC_MSGSEND = YES;
				ENABLE_TESTABILITY = YES;
				GCC_C_LANGUAGE_STANDARD = gnu11;
				GCC_DYNAMIC_NO_PIC = NO;
				GCC_NO_COMMON_BLOCKS = YES;
				GCC_OPTIMIZATION_LEVEL = 0;
				GCC_PREPROCESSOR_DEFINITIONS = (
					"DEBUG=1",
					"$(inherited)",
				);
				GCC_WARN_64_TO_32_BIT_CONVERSION = YES;
				GCC_WARN_ABOUT_RETURN_TYPE = YES_ERROR;
				GCC_WARN_UNDECLARED_SELECTOR = YES;
				GCC_WARN_UNINITIALIZED_AUTOS = YES_AGGRESSIVE;
				GCC_WARN_UNUSED_FUNCTION = YES;
				GCC_WARN_UNUSED_VARIABLE = YES;
				IPHONEOS_DEPLOYMENT_TARGET = 14.6;
				MTL_ENABLE_DEBUG_INFO = INCLUDE_SOURCE;
				MTL_FAST_MATH = YES;
				ONLY_ACTIVE_ARCH = YES;
				SDKROOT = iphoneos;
				SWIFT_ACTIVE_COMPILATION_CONDITIONS = DEBUG;
				SWIFT_OPTIMIZATION_LEVEL = "-Onone";
			};
			name = Debug;
		};
		B27981D327A888B800E21C5B /* Release */ = {
			isa = XCBuildConfiguration;
			buildSettings = {
				ALWAYS_SEARCH_USER_PATHS = NO;
				CLANG_ANALYZER_NONNULL = YES;
				CLANG_ANALYZER_NUMBER_OBJECT_CONVERSION = YES_AGGRESSIVE;
				CLANG_CXX_LANGUAGE_STANDARD = "gnu++17";
				CLANG_CXX_LIBRARY = "libc++";
				CLANG_ENABLE_MODULES = YES;
				CLANG_ENABLE_OBJC_ARC = YES;
				CLANG_ENABLE_OBJC_WEAK = YES;
				CLANG_WARN_BLOCK_CAPTURE_AUTORELEASING = YES;
				CLANG_WARN_BOOL_CONVERSION = YES;
				CLANG_WARN_COMMA = YES;
				CLANG_WARN_CONSTANT_CONVERSION = YES;
				CLANG_WARN_DEPRECATED_OBJC_IMPLEMENTATIONS = YES;
				CLANG_WARN_DIRECT_OBJC_ISA_USAGE = YES_ERROR;
				CLANG_WARN_DOCUMENTATION_COMMENTS = YES;
				CLANG_WARN_EMPTY_BODY = YES;
				CLANG_WARN_ENUM_CONVERSION = YES;
				CLANG_WARN_INFINITE_RECURSION = YES;
				CLANG_WARN_INT_CONVERSION = YES;
				CLANG_WARN_NON_LITERAL_NULL_CONVERSION = YES;
				CLANG_WARN_OBJC_IMPLICIT_RETAIN_SELF = YES;
				CLANG_WARN_OBJC_LITERAL_CONVERSION = YES;
				CLANG_WARN_OBJC_ROOT_CLASS = YES_ERROR;
				CLANG_WARN_QUOTED_INCLUDE_IN_FRAMEWORK_HEADER = YES;
				CLANG_WARN_RANGE_LOOP_ANALYSIS = YES;
				CLANG_WARN_STRICT_PROTOTYPES = YES;
				CLANG_WARN_SUSPICIOUS_MOVE = YES;
				CLANG_WARN_UNGUARDED_AVAILABILITY = YES_AGGRESSIVE;
				CLANG_WARN_UNREACHABLE_CODE = YES;
				CLANG_WARN__DUPLICATE_METHOD_MATCH = YES;
				COPY_PHASE_STRIP = NO;
				DEBUG_INFORMATION_FORMAT = "dwarf-with-dsym";
				ENABLE_NS_ASSERTIONS = NO;
				ENABLE_STRICT_OBJC_MSGSEND = YES;
				GCC_C_LANGUAGE_STANDARD = gnu11;
				GCC_NO_COMMON_BLOCKS = YES;
				GCC_WARN_64_TO_32_BIT_CONVERSION = YES;
				GCC_WARN_ABOUT_RETURN_TYPE = YES_ERROR;
				GCC_WARN_UNDECLARED_SELECTOR = YES;
				GCC_WARN_UNINITIALIZED_AUTOS = YES_AGGRESSIVE;
				GCC_WARN_UNUSED_FUNCTION = YES;
				GCC_WARN_UNUSED_VARIABLE = YES;
				IPHONEOS_DEPLOYMENT_TARGET = 14.6;
				MTL_ENABLE_DEBUG_INFO = NO;
				MTL_FAST_MATH = YES;
				SDKROOT = iphoneos;
				SWIFT_COMPILATION_MODE = wholemodule;
				SWIFT_OPTIMIZATION_LEVEL = "-O";
				VALIDATE_PRODUCT = YES;
			};
			name = Release;
		};
		B27981D527A888B800E21C5B /* Debug */ = {
			isa = XCBuildConfiguration;
			baseConfigurationReference = F5BD59CE718C20FEE9EF0078 /* Pods-CastIt.debug.xcconfig */;
			buildSettings = {
				ASSETCATALOG_COMPILER_APPICON_NAME = AppIcon;
				ASSETCATALOG_COMPILER_GLOBAL_ACCENT_COLOR_NAME = AccentColor;
				CODE_SIGN_ENTITLEMENTS = CastIt/CastIt.entitlements;
				CODE_SIGN_IDENTITY = "Apple Development";
				CODE_SIGN_STYLE = Automatic;
				CURRENT_PROJECT_VERSION = 4;
				DEBUG_INFORMATION_FORMAT = "dwarf-with-dsym";
				DEVELOPMENT_TEAM = AZA2LHKU7Z;
				GENERATE_INFOPLIST_FILE = YES;
				INFOPLIST_FILE = CastIt/Info.plist;
				INFOPLIST_KEY_UIApplicationSupportsIndirectInputEvents = YES;
				INFOPLIST_KEY_UILaunchStoryboardName = LaunchScreen;
				INFOPLIST_KEY_UIMainStoryboardFile = Main;
				INFOPLIST_KEY_UIRequiredDeviceCapabilities = gamekit;
				INFOPLIST_KEY_UIStatusBarHidden = YES;
				INFOPLIST_KEY_UISupportedInterfaceOrientations = "UIInterfaceOrientationLandscapeRight UIInterfaceOrientationLandscapeLeft";
				INFOPLIST_KEY_UISupportedInterfaceOrientations_iPad = "UIInterfaceOrientationPortrait UIInterfaceOrientationPortraitUpsideDown UIInterfaceOrientationLandscapeLeft UIInterfaceOrientationLandscapeRight";
				INFOPLIST_KEY_UISupportedInterfaceOrientations_iPhone = "UIInterfaceOrientationPortrait UIInterfaceOrientationLandscapeLeft UIInterfaceOrientationLandscapeRight";
				IPHONEOS_DEPLOYMENT_TARGET = 14.6;
				LD_RUNPATH_SEARCH_PATHS = (
					"$(inherited)",
					"@executable_path/Frameworks",
				);
				MARKETING_VERSION = 0.1;
				PRODUCT_BUNDLE_IDENTIFIER = "br.com.guilermebarciki.Cast-It";
				PRODUCT_NAME = "$(TARGET_NAME)";
				PROVISIONING_PROFILE_SPECIFIER = "";
				SWIFT_EMIT_LOC_STRINGS = YES;
				SWIFT_VERSION = 5.0;
				TARGETED_DEVICE_FAMILY = "1,2";
			};
			name = Debug;
		};
		B27981D627A888B800E21C5B /* Release */ = {
			isa = XCBuildConfiguration;
			baseConfigurationReference = 86ED7E76FFA4DD19C6B4C755 /* Pods-CastIt.release.xcconfig */;
			buildSettings = {
				ASSETCATALOG_COMPILER_APPICON_NAME = AppIcon;
				ASSETCATALOG_COMPILER_GLOBAL_ACCENT_COLOR_NAME = AccentColor;
				CODE_SIGN_ENTITLEMENTS = CastIt/CastIt.entitlements;
				CODE_SIGN_IDENTITY = "Apple Development";
				CODE_SIGN_STYLE = Automatic;
				CURRENT_PROJECT_VERSION = 4;
				DEVELOPMENT_TEAM = AZA2LHKU7Z;
				GENERATE_INFOPLIST_FILE = YES;
				INFOPLIST_FILE = CastIt/Info.plist;
				INFOPLIST_KEY_UIApplicationSupportsIndirectInputEvents = YES;
				INFOPLIST_KEY_UILaunchStoryboardName = LaunchScreen;
				INFOPLIST_KEY_UIMainStoryboardFile = Main;
				INFOPLIST_KEY_UIRequiredDeviceCapabilities = gamekit;
				INFOPLIST_KEY_UIStatusBarHidden = YES;
				INFOPLIST_KEY_UISupportedInterfaceOrientations = "UIInterfaceOrientationLandscapeRight UIInterfaceOrientationLandscapeLeft";
				INFOPLIST_KEY_UISupportedInterfaceOrientations_iPad = "UIInterfaceOrientationPortrait UIInterfaceOrientationPortraitUpsideDown UIInterfaceOrientationLandscapeLeft UIInterfaceOrientationLandscapeRight";
				INFOPLIST_KEY_UISupportedInterfaceOrientations_iPhone = "UIInterfaceOrientationPortrait UIInterfaceOrientationLandscapeLeft UIInterfaceOrientationLandscapeRight";
				IPHONEOS_DEPLOYMENT_TARGET = 14.6;
				LD_RUNPATH_SEARCH_PATHS = (
					"$(inherited)",
					"@executable_path/Frameworks",
				);
				MARKETING_VERSION = 0.1;
				PRODUCT_BUNDLE_IDENTIFIER = "br.com.guilermebarciki.Cast-It";
				PRODUCT_NAME = "$(TARGET_NAME)";
				PROVISIONING_PROFILE_SPECIFIER = "";
				SWIFT_EMIT_LOC_STRINGS = YES;
				SWIFT_VERSION = 5.0;
				TARGETED_DEVICE_FAMILY = "1,2";
			};
			name = Release;
		};
/* End XCBuildConfiguration section */

/* Begin XCConfigurationList section */
		B27981B827A888B500E21C5B /* Build configuration list for PBXProject "CastIt" */ = {
			isa = XCConfigurationList;
			buildConfigurations = (
				B27981D227A888B800E21C5B /* Debug */,
				B27981D327A888B800E21C5B /* Release */,
			);
			defaultConfigurationIsVisible = 0;
			defaultConfigurationName = Release;
		};
		B27981D427A888B800E21C5B /* Build configuration list for PBXNativeTarget "CastIt" */ = {
			isa = XCConfigurationList;
			buildConfigurations = (
				B27981D527A888B800E21C5B /* Debug */,
				B27981D627A888B800E21C5B /* Release */,
			);
			defaultConfigurationIsVisible = 0;
			defaultConfigurationName = Release;
		};
/* End XCConfigurationList section */
	};
	rootObject = B27981B527A888B500E21C5B /* Project object */;
}
